
Microsoft Visual Studio Solution File, Format Version 12.00
# Visual Studio Version 17
VisualStudioVersion = 17.10.35004.147
MinimumVisualStudioVersion = 10.0.40219.1
Project("{FAE04EC0-301F-11D3-BF4B-00C04F79EFBC}") = "WiFi_Scanner", "WiFi_Scanner\WiFi_Scanner.csproj", "{1639A8A5-0A8A-426A-B2D0-26D60FACFD71}"
EndProject
Global
	GlobalSection(SolutionConfigurationPlatforms) = preSolution
		Debug|Any CPU = Debug|Any CPU
		Release|Any CPU = Release|Any CPU
	EndGlobalSection
	GlobalSection(ProjectConfigurationPlatforms) = postSolution
		{1639A8A5-0A8A-426A-B2D0-26D60FACFD71}.Debug|Any CPU.ActiveCfg = Debug|Any CPU
		{1639A8A5-0A8A-426A-B2D0-26D60FACFD71}.Debug|Any CPU.Build.0 = Debug|Any CPU
		{1639A8A5-0A8A-426A-B2D0-26D60FACFD71}.Release|Any CPU.ActiveCfg = Release|Any CPU
		{1639A8A5-0A8A-426A-B2D0-26D60FACFD71}.Release|Any CPU.Build.0 = Release|Any CPU
	EndGlobalSection
	GlobalSection(SolutionProperties) = preSolution
		HideSolutionNode = FALSE
	EndGlobalSection
	GlobalSection(ExtensibilityGlobals) = postSolution
		SolutionGuid = {374C4E07-F4F9-4387-BFF6-EB3604001F68}
	EndGlobalSection
EndGlobal
